// !$*UTF8*$!
{
	archiveVersion = 1;
	classes = {
	};
	objectVersion = 50;
	objects = {

/* Begin PBXBuildFile section */
		AF6B109425B88C12003968F5 /* lolxdApp.swift in Sources */ = {isa = PBXBuildFile; fileRef = AF6B109325B88C12003968F5 /* lolxdApp.swift */; };
		AF6B109625B88C12003968F5 /* ContentView.swift in Sources */ = {isa = PBXBuildFile; fileRef = AF6B109525B88C12003968F5 /* ContentView.swift */; };
		AF6B109825B88C13003968F5 /* Assets.xcassets in Resources */ = {isa = PBXBuildFile; fileRef = AF6B109725B88C13003968F5 /* Assets.xcassets */; };
		AF6B109B25B88C13003968F5 /* Preview Assets.xcassets in Resources */ = {isa = PBXBuildFile; fileRef = AF6B109A25B88C13003968F5 /* Preview Assets.xcassets */; };
		AF6B10A625B88C13003968F5 /* lolxdTests.swift in Sources */ = {isa = PBXBuildFile; fileRef = AF6B10A525B88C13003968F5 /* lolxdTests.swift */; };
		AF6B10B125B88C13003968F5 /* lolxdUITests.swift in Sources */ = {isa = PBXBuildFile; fileRef = AF6B10B025B88C13003968F5 /* lolxdUITests.swift */; };
/* End PBXBuildFile section */

/* Begin PBXContainerItemProxy section */
		AF6B10A225B88C13003968F5 /* PBXContainerItemProxy */ = {
			isa = PBXContainerItemProxy;
			containerPortal = AF6B108825B88C12003968F5 /* Project object */;
			proxyType = 1;
			remoteGlobalIDString = AF6B108F25B88C12003968F5;
			remoteInfo = lolxd;
		};
		AF6B10AD25B88C13003968F5 /* PBXContainerItemProxy */ = {
			isa = PBXContainerItemProxy;
			containerPortal = AF6B108825B88C12003968F5 /* Project object */;
			proxyType = 1;
			remoteGlobalIDString = AF6B108F25B88C12003968F5;
			remoteInfo = lolxd;
		};
/* End PBXContainerItemProxy section */

/* Begin PBXFileReference section */
		AF6B109025B88C12003968F5 /* lolxd.app */ = {isa = PBXFileReference; explicitFileType = wrapper.application; includeInIndex = 0; path = lolxd.app; sourceTree = BUILT_PRODUCTS_DIR; };
		AF6B109325B88C12003968F5 /* lolxdApp.swift */ = {isa = PBXFileReference; lastKnownFileType = sourcecode.swift; path = lolxdApp.swift; sourceTree = "<group>"; };
		AF6B109525B88C12003968F5 /* ContentView.swift */ = {isa = PBXFileReference; lastKnownFileType = sourcecode.swift; path = ContentView.swift; sourceTree = "<group>"; };
		AF6B109725B88C13003968F5 /* Assets.xcassets */ = {isa = PBXFileReference; lastKnownFileType = folder.assetcatalog; path = Assets.xcassets; sourceTree = "<group>"; };
		AF6B109A25B88C13003968F5 /* Preview Assets.xcassets */ = {isa = PBXFileReference; lastKnownFileType = folder.assetcatalog; path = "Preview Assets.xcassets"; sourceTree = "<group>"; };
		AF6B109C25B88C13003968F5 /* Info.plist */ = {isa = PBXFileReference; lastKnownFileType = text.plist.xml; path = Info.plist; sourceTree = "<group>"; };
		AF6B10A125B88C13003968F5 /* lolxdTests.xctest */ = {isa = PBXFileReference; explicitFileType = wrapper.cfbundle; includeInIndex = 0; path = lolxdTests.xctest; sourceTree = BUILT_PRODUCTS_DIR; };
		AF6B10A525B88C13003968F5 /* lolxdTests.swift */ = {isa = PBXFileReference; lastKnownFileType = sourcecode.swift; path = lolxdTests.swift; sourceTree = "<group>"; };
		AF6B10A725B88C13003968F5 /* Info.plist */ = {isa = PBXFileReference; lastKnownFileType = text.plist.xml; path = Info.plist; sourceTree = "<group>"; };
		AF6B10AC25B88C13003968F5 /* lolxdUITests.xctest */ = {isa = PBXFileReference; explicitFileType = wrapper.cfbundle; includeInIndex = 0; path = lolxdUITests.xctest; sourceTree = BUILT_PRODUCTS_DIR; };
		AF6B10B025B88C13003968F5 /* lolxdUITests.swift */ = {isa = PBXFileReference; lastKnownFileType = sourcecode.swift; path = lolxdUITests.swift; sourceTree = "<group>"; };
		AF6B10B225B88C13003968F5 /* Info.plist */ = {isa = PBXFileReference; lastKnownFileType = text.plist.xml; path = Info.plist; sourceTree = "<group>"; };
/* End PBXFileReference section */

/* Begin PBXFrameworksBuildPhase section */
		AF6B108D25B88C12003968F5 /* Frameworks */ = {
			isa = PBXFrameworksBuildPhase;
			buildActionMask = 2147483647;
			files = (
			);
			runOnlyForDeploymentPostprocessing = 0;
		};
		AF6B109E25B88C13003968F5 /* Frameworks */ = {
			isa = PBXFrameworksBuildPhase;
			buildActionMask = 2147483647;
			files = (
			);
			runOnlyForDeploymentPostprocessing = 0;
		};
		AF6B10A925B88C13003968F5 /* Frameworks */ = {
			isa = PBXFrameworksBuildPhase;
			buildActionMask = 2147483647;
			files = (
			);
			runOnlyForDeploymentPostprocessing = 0;
		};
/* End PBXFrameworksBuildPhase section */

/* Begin PBXGroup section */
		AF6B108725B88C12003968F5 = {
			isa = PBXGroup;
			children = (
				AF6B109225B88C12003968F5 /* lolxd */,
				AF6B10A425B88C13003968F5 /* lolxdTests */,
				AF6B10AF25B88C13003968F5 /* lolxdUITests */,
				AF6B109125B88C12003968F5 /* Products */,
			);
			sourceTree = "<group>";
		};
		AF6B109125B88C12003968F5 /* Products */ = {
			isa = PBXGroup;
			children = (
				AF6B109025B88C12003968F5 /* lolxd.app */,
				AF6B10A125B88C13003968F5 /* lolxdTests.xctest */,
				AF6B10AC25B88C13003968F5 /* lolxdUITests.xctest */,
			);
			name = Products;
			sourceTree = "<group>";
		};
		AF6B109225B88C12003968F5 /* lolxd */ = {
			isa = PBXGroup;
			children = (
				AF6B109325B88C12003968F5 /* lolxdApp.swift */,
				AF6B109525B88C12003968F5 /* ContentView.swift */,
				AF6B109725B88C13003968F5 /* Assets.xcassets */,
				AF6B109C25B88C13003968F5 /* Info.plist */,
				AF6B109925B88C13003968F5 /* Preview Content */,
			);
			path = lolxd;
			sourceTree = "<group>";
		};
		AF6B109925B88C13003968F5 /* Preview Content */ = {
			isa = PBXGroup;
			children = (
				AF6B109A25B88C13003968F5 /* Preview Assets.xcassets */,
			);
			path = "Preview Content";
			sourceTree = "<group>";
		};
		AF6B10A425B88C13003968F5 /* lolxdTests */ = {
			isa = PBXGroup;
			children = (
				AF6B10A525B88C13003968F5 /* lolxdTests.swift */,
				AF6B10A725B88C13003968F5 /* Info.plist */,
			);
			path = lolxdTests;
			sourceTree = "<group>";
		};
		AF6B10AF25B88C13003968F5 /* lolxdUITests */ = {
			isa = PBXGroup;
			children = (
				AF6B10B025B88C13003968F5 /* lolxdUITests.swift */,
				AF6B10B225B88C13003968F5 /* Info.plist */,
			);
			path = lolxdUITests;
			sourceTree = "<group>";
		};
/* End PBXGroup section */

/* Begin PBXNativeTarget section */
		AF6B108F25B88C12003968F5 /* lolxd */ = {
			isa = PBXNativeTarget;
			buildConfigurationList = AF6B10B525B88C13003968F5 /* Build configuration list for PBXNativeTarget "lolxd" */;
			buildPhases = (
				AF6B108C25B88C12003968F5 /* Sources */,
				AF6B108D25B88C12003968F5 /* Frameworks */,
				AF6B108E25B88C12003968F5 /* Resources */,
			);
			buildRules = (
			);
			dependencies = (
			);
			name = lolxd;
			productName = lolxd;
			productReference = AF6B109025B88C12003968F5 /* lolxd.app */;
			productType = "com.apple.product-type.application";
		};
		AF6B10A025B88C13003968F5 /* lolxdTests */ = {
			isa = PBXNativeTarget;
			buildConfigurationList = AF6B10B825B88C13003968F5 /* Build configuration list for PBXNativeTarget "lolxdTests" */;
			buildPhases = (
				AF6B109D25B88C13003968F5 /* Sources */,
				AF6B109E25B88C13003968F5 /* Frameworks */,
				AF6B109F25B88C13003968F5 /* Resources */,
			);
			buildRules = (
			);
			dependencies = (
				AF6B10A325B88C13003968F5 /* PBXTargetDependency */,
			);
			name = lolxdTests;
			productName = lolxdTests;
			productReference = AF6B10A125B88C13003968F5 /* lolxdTests.xctest */;
			productType = "com.apple.product-type.bundle.unit-test";
		};
		AF6B10AB25B88C13003968F5 /* lolxdUITests */ = {
			isa = PBXNativeTarget;
			buildConfigurationList = AF6B10BB25B88C13003968F5 /* Build configuration list for PBXNativeTarget "lolxdUITests" */;
			buildPhases = (
				AF6B10A825B88C13003968F5 /* Sources */,
				AF6B10A925B88C13003968F5 /* Frameworks */,
				AF6B10AA25B88C13003968F5 /* Resources */,
			);
			buildRules = (
			);
			dependencies = (
				AF6B10AE25B88C13003968F5 /* PBXTargetDependency */,
			);
			name = lolxdUITests;
			productName = lolxdUITests;
			productReference = AF6B10AC25B88C13003968F5 /* lolxdUITests.xctest */;
			productType = "com.apple.product-type.bundle.ui-testing";
		};
/* End PBXNativeTarget section */

/* Begin PBXProject section */
		AF6B108825B88C12003968F5 /* Project object */ = {
			isa = PBXProject;
			attributes = {
				LastSwiftUpdateCheck = 1230;
				LastUpgradeCheck = 1230;
				TargetAttributes = {
					AF6B108F25B88C12003968F5 = {
						CreatedOnToolsVersion = 12.3;
					};
					AF6B10A025B88C13003968F5 = {
						CreatedOnToolsVersion = 12.3;
						TestTargetID = AF6B108F25B88C12003968F5;
					};
					AF6B10AB25B88C13003968F5 = {
						CreatedOnToolsVersion = 12.3;
						TestTargetID = AF6B108F25B88C12003968F5;
					};
				};
			};
			buildConfigurationList = AF6B108B25B88C12003968F5 /* Build configuration list for PBXProject "lolxd" */;
			compatibilityVersion = "Xcode 9.3";
			developmentRegion = en;
			hasScannedForEncodings = 0;
			knownRegions = (
				en,
				Base,
			);
			mainGroup = AF6B108725B88C12003968F5;
			productRefGroup = AF6B109125B88C12003968F5 /* Products */;
			projectDirPath = "";
			projectRoot = "";
			targets = (
				AF6B108F25B88C12003968F5 /* lolxd */,
				AF6B10A025B88C13003968F5 /* lolxdTests */,
				AF6B10AB25B88C13003968F5 /* lolxdUITests */,
			);
		};
/* End PBXProject section */

/* Begin PBXResourcesBuildPhase section */
		AF6B108E25B88C12003968F5 /* Resources */ = {
			isa = PBXResourcesBuildPhase;
			buildActionMask = 2147483647;
			files = (
				AF6B109B25B88C13003968F5 /* Preview Assets.xcassets in Resources */,
				AF6B109825B88C13003968F5 /* Assets.xcassets in Resources */,
			);
			runOnlyForDeploymentPostprocessing = 0;
		};
		AF6B109F25B88C13003968F5 /* Resources */ = {
			isa = PBXResourcesBuildPhase;
			buildActionMask = 2147483647;
			files = (
			);
			runOnlyForDeploymentPostprocessing = 0;
		};
		AF6B10AA25B88C13003968F5 /* Resources */ = {
			isa = PBXResourcesBuildPhase;
			buildActionMask = 2147483647;
			files = (
			);
			runOnlyForDeploymentPostprocessing = 0;
		};
/* End PBXResourcesBuildPhase section */

/* Begin PBXSourcesBuildPhase section */
		AF6B108C25B88C12003968F5 /* Sources */ = {
			isa = PBXSourcesBuildPhase;
			buildActionMask = 2147483647;
			files = (
				AF6B109625B88C12003968F5 /* ContentView.swift in Sources */,
				AF6B109425B88C12003968F5 /* lolxdApp.swift in Sources */,
			);
			runOnlyForDeploymentPostprocessing = 0;
		};
		AF6B109D25B88C13003968F5 /* Sources */ = {
			isa = PBXSourcesBuildPhase;
			buildActionMask = 2147483647;
			files = (
				AF6B10A625B88C13003968F5 /* lolxdTests.swift in Sources */,
			);
			runOnlyForDeploymentPostprocessing = 0;
		};
		AF6B10A825B88C13003968F5 /* Sources */ = {
			isa = PBXSourcesBuildPhase;
			buildActionMask = 2147483647;
			files = (
				AF6B10B125B88C13003968F5 /* lolxdUITests.swift in Sources */,
			);
			runOnlyForDeploymentPostprocessing = 0;
		};
/* End PBXSourcesBuildPhase section */

/* Begin PBXTargetDependency section */
		AF6B10A325B88C13003968F5 /* PBXTargetDependency */ = {
			isa = PBXTargetDependency;
			target = AF6B108F25B88C12003968F5 /* lolxd */;
			targetProxy = AF6B10A225B88C13003968F5 /* PBXContainerItemProxy */;
		};
		AF6B10AE25B88C13003968F5 /* PBXTargetDependency */ = {
			isa = PBXTargetDependency;
			target = AF6B108F25B88C12003968F5 /* lolxd */;
			targetProxy = AF6B10AD25B88C13003968F5 /* PBXContainerItemProxy */;
		};
/* End PBXTargetDependency section */

/* Begin XCBuildConfiguration section */
		AF6B10B325B88C13003968F5 /* Debug */ = {
			isa = XCBuildConfiguration;
			buildSettings = {
				ALWAYS_SEARCH_USER_PATHS = NO;
				CLANG_ANALYZER_NONNULL = YES;
				CLANG_ANALYZER_NUMBER_OBJECT_CONVERSION = YES_AGGRESSIVE;
				CLANG_CXX_LANGUAGE_STANDARD = "gnu++14";
				CLANG_CXX_LIBRARY = "libc++";
				CLANG_ENABLE_MODULES = YES;
				CLANG_ENABLE_OBJC_ARC = YES;
				CLANG_ENABLE_OBJC_WEAK = YES;
				CLANG_WARN_BLOCK_CAPTURE_AUTORELEASING = YES;
				CLANG_WARN_BOOL_CONVERSION = YES;
				CLANG_WARN_COMMA = YES;
				CLANG_WARN_CONSTANT_CONVERSION = YES;
				CLANG_WARN_DEPRECATED_OBJC_IMPLEMENTATIONS = YES;
				CLANG_WARN_DIRECT_OBJC_ISA_USAGE = YES_ERROR;
				CLANG_WARN_DOCUMENTATION_COMMENTS = YES;
				CLANG_WARN_EMPTY_BODY = YES;
				CLANG_WARN_ENUM_CONVERSION = YES;
				CLANG_WARN_INFINITE_RECURSION = YES;
				CLANG_WARN_INT_CONVERSION = YES;
				CLANG_WARN_NON_LITERAL_NULL_CONVERSION = YES;
				CLANG_WARN_OBJC_IMPLICIT_RETAIN_SELF = YES;
				CLANG_WARN_OBJC_LITERAL_CONVERSION = YES;
				CLANG_WARN_OBJC_ROOT_CLASS = YES_ERROR;
				CLANG_WARN_QUOTED_INCLUDE_IN_FRAMEWORK_HEADER = YES;
				CLANG_WARN_RANGE_LOOP_ANALYSIS = YES;
				CLANG_WARN_STRICT_PROTOTYPES = YES;
				CLANG_WARN_SUSPICIOUS_MOVE = YES;
				CLANG_WARN_UNGUARDED_AVAILABILITY = YES_AGGRESSIVE;
				CLANG_WARN_UNREACHABLE_CODE = YES;
				CLANG_WARN__DUPLICATE_METHOD_MATCH = YES;
				COPY_PHASE_STRIP = NO;
				DEBUG_INFORMATION_FORMAT = dwarf;
				ENABLE_STRICT_OBJC_MSGSEND = YES;
				ENABLE_TESTABILITY = YES;
				GCC_C_LANGUAGE_STANDARD = gnu11;
				GCC_DYNAMIC_NO_PIC = NO;
				GCC_NO_COMMON_BLOCKS = YES;
				GCC_OPTIMIZATION_LEVEL = 0;
				GCC_PREPROCESSOR_DEFINITIONS = (
					"DEBUG=1",
					"$(inherited)",
				);
				GCC_WARN_64_TO_32_BIT_CONVERSION = YES;
				GCC_WARN_ABOUT_RETURN_TYPE = YES_ERROR;
				GCC_WARN_UNDECLARED_SELECTOR = YES;
				GCC_WARN_UNINITIALIZED_AUTOS = YES_AGGRESSIVE;
				GCC_WARN_UNUSED_FUNCTION = YES;
				GCC_WARN_UNUSED_VARIABLE = YES;
				IPHONEOS_DEPLOYMENT_TARGET = 14.3;
				MTL_ENABLE_DEBUG_INFO = INCLUDE_SOURCE;
				MTL_FAST_MATH = YES;
				ONLY_ACTIVE_ARCH = YES;
				SDKROOT = iphoneos;
				SWIFT_ACTIVE_COMPILATION_CONDITIONS = DEBUG;
				SWIFT_OPTIMIZATION_LEVEL = "-Onone";
			};
			name = Debug;
		};
		AF6B10B425B88C13003968F5 /* Release */ = {
			isa = XCBuildConfiguration;
			buildSettings = {
				ALWAYS_SEARCH_USER_PATHS = NO;
				CLANG_ANALYZER_NONNULL = YES;
				CLANG_ANALYZER_NUMBER_OBJECT_CONVERSION = YES_AGGRESSIVE;
				CLANG_CXX_LANGUAGE_STANDARD = "gnu++14";
				CLANG_CXX_LIBRARY = "libc++";
				CLANG_ENABLE_MODULES = YES;
				CLANG_ENABLE_OBJC_ARC = YES;
				CLANG_ENABLE_OBJC_WEAK = YES;
				CLANG_WARN_BLOCK_CAPTURE_AUTORELEASING = YES;
				CLANG_WARN_BOOL_CONVERSION = YES;
				CLANG_WARN_COMMA = YES;
				CLANG_WARN_CONSTANT_CONVERSION = YES;
				CLANG_WARN_DEPRECATED_OBJC_IMPLEMENTATIONS = YES;
				CLANG_WARN_DIRECT_OBJC_ISA_USAGE = YES_ERROR;
				CLANG_WARN_DOCUMENTATION_COMMENTS = YES;
				CLANG_WARN_EMPTY_BODY = YES;
				CLANG_WARN_ENUM_CONVERSION = YES;
				CLANG_WARN_INFINITE_RECURSION = YES;
				CLANG_WARN_INT_CONVERSION = YES;
				CLANG_WARN_NON_LITERAL_NULL_CONVERSION = YES;
				CLANG_WARN_OBJC_IMPLICIT_RETAIN_SELF = YES;
				CLANG_WARN_OBJC_LITERAL_CONVERSION = YES;
				CLANG_WARN_OBJC_ROOT_CLASS = YES_ERROR;
				CLANG_WARN_QUOTED_INCLUDE_IN_FRAMEWORK_HEADER = YES;
				CLANG_WARN_RANGE_LOOP_ANALYSIS = YES;
				CLANG_WARN_STRICT_PROTOTYPES = YES;
				CLANG_WARN_SUSPICIOUS_MOVE = YES;
				CLANG_WARN_UNGUARDED_AVAILABILITY = YES_AGGRESSIVE;
				CLANG_WARN_UNREACHABLE_CODE = YES;
				CLANG_WARN__DUPLICATE_METHOD_MATCH = YES;
				COPY_PHASE_STRIP = NO;
				DEBUG_INFORMATION_FORMAT = "dwarf-with-dsym";
				ENABLE_NS_ASSERTIONS = NO;
				ENABLE_STRICT_OBJC_MSGSEND = YES;
				GCC_C_LANGUAGE_STANDARD = gnu11;
				GCC_NO_COMMON_BLOCKS = YES;
				GCC_WARN_64_TO_32_BIT_CONVERSION = YES;
				GCC_WARN_ABOUT_RETURN_TYPE = YES_ERROR;
				GCC_WARN_UNDECLARED_SELECTOR = YES;
				GCC_WARN_UNINITIALIZED_AUTOS = YES_AGGRESSIVE;
				GCC_WARN_UNUSED_FUNCTION = YES;
				GCC_WARN_UNUSED_VARIABLE = YES;
				IPHONEOS_DEPLOYMENT_TARGET = 14.3;
				MTL_ENABLE_DEBUG_INFO = NO;
				MTL_FAST_MATH = YES;
				SDKROOT = iphoneos;
				SWIFT_COMPILATION_MODE = wholemodule;
				SWIFT_OPTIMIZATION_LEVEL = "-O";
				VALIDATE_PRODUCT = YES;
			};
			name = Release;
		};
		AF6B10B625B88C13003968F5 /* Debug */ = {
			isa = XCBuildConfiguration;
			buildSettings = {
				ASSETCATALOG_COMPILER_APPICON_NAME = AppIcon;
				ASSETCATALOG_COMPILER_GLOBAL_ACCENT_COLOR_NAME = AccentColor;
				CODE_SIGN_STYLE = Automatic;
				DEVELOPMENT_ASSET_PATHS = "\"lolxd/Preview Content\"";
				DEVELOPMENT_TEAM = NDZBCBWQAP;
				ENABLE_PREVIEWS = YES;
				INFOPLIST_FILE = lolxd/Info.plist;
				IPHONEOS_DEPLOYMENT_TARGET = 14.0;
				LD_RUNPATH_SEARCH_PATHS = (
					"$(inherited)",
					"@executable_path/Frameworks",
				);
				PRODUCT_BUNDLE_IDENTIFIER = TulsaTech.lolxd;
				PRODUCT_NAME = "$(TARGET_NAME)";
				SWIFT_VERSION = 5.0;
				TARGETED_DEVICE_FAMILY = "1,2";
			};
			name = Debug;
		};
		AF6B10B725B88C13003968F5 /* Release */ = {
			isa = XCBuildConfiguration;
			buildSettings = {
				ASSETCATALOG_COMPILER_APPICON_NAME = AppIcon;
				ASSETCATALOG_COMPILER_GLOBAL_ACCENT_COLOR_NAME = AccentColor;
				CODE_SIGN_STYLE = Automatic;
				DEVELOPMENT_ASSET_PATHS = "\"lolxd/Preview Content\"";
				DEVELOPMENT_TEAM = NDZBCBWQAP;
				ENABLE_PREVIEWS = YES;
				INFOPLIST_FILE = lolxd/Info.plist;
				IPHONEOS_DEPLOYMENT_TARGET = 14.0;
				LD_RUNPATH_SEARCH_PATHS = (
					"$(inherited)",
					"@executable_path/Frameworks",
				);
				PRODUCT_BUNDLE_IDENTIFIER = TulsaTech.lolxd;
				PRODUCT_NAME = "$(TARGET_NAME)";
				SWIFT_VERSION = 5.0;
				TARGETED_DEVICE_FAMILY = "1,2";
			};
			name = Release;
		};
		AF6B10B925B88C13003968F5 /* Debug */ = {
			isa = XCBuildConfiguration;
			buildSettings = {
				ALWAYS_EMBED_SWIFT_STANDARD_LIBRARIES = YES;
				BUNDLE_LOADER = "$(TEST_HOST)";
				CODE_SIGN_STYLE = Automatic;
				DEVELOPMENT_TEAM = NDZBCBWQAP;
				INFOPLIST_FILE = lolxdTests/Info.plist;
				IPHONEOS_DEPLOYMENT_TARGET = 14.0;
				LD_RUNPATH_SEARCH_PATHS = (
					"$(inherited)",
					"@executable_path/Frameworks",
					"@loader_path/Frameworks",
				);
				PRODUCT_BUNDLE_IDENTIFIER = TulsaTech.lolxdTests;
				PRODUCT_NAME = "$(TARGET_NAME)";
				SWIFT_VERSION = 5.0;
				TARGETED_DEVICE_FAMILY = "1,2";
				TEST_HOST = "$(BUILT_PRODUCTS_DIR)/lolxd.app/lolxd";
			};
			name = Debug;
		};
		AF6B10BA25B88C13003968F5 /* Release */ = {
			isa = XCBuildConfiguration;
			buildSettings = {
				ALWAYS_EMBED_SWIFT_STANDARD_LIBRARIES = YES;
				BUNDLE_LOADER = "$(TEST_HOST)";
				CODE_SIGN_STYLE = Automatic;
				DEVELOPMENT_TEAM = NDZBCBWQAP;
				INFOPLIST_FILE = lolxdTests/Info.plist;
				IPHONEOS_DEPLOYMENT_TARGET = 14.0;
				LD_RUNPATH_SEARCH_PATHS = (
					"$(inherited)",
					"@executable_path/Frameworks",
					"@loader_path/Frameworks",
				);
				PRODUCT_BUNDLE_IDENTIFIER = TulsaTech.lolxdTests;
				PRODUCT_NAME = "$(TARGET_NAME)";
				SWIFT_VERSION = 5.0;
				TARGETED_DEVICE_FAMILY = "1,2";
				TEST_HOST = "$(BUILT_PRODUCTS_DIR)/lolxd.app/lolxd";
			};
			name = Release;
		};
		AF6B10BC25B88C13003968F5 /* Debug */ = {
			isa = XCBuildConfiguration;
			buildSettings = {
				ALWAYS_EMBED_SWIFT_STANDARD_LIBRARIES = YES;
				CODE_SIGN_STYLE = Automatic;
				DEVELOPMENT_TEAM = NDZBCBWQAP;
				INFOPLIST_FILE = lolxdUITests/Info.plist;
				LD_RUNPATH_SEARCH_PATHS = (
					"$(inherited)",
					"@executable_path/Frameworks",
					"@loader_path/Frameworks",
				);
				PRODUCT_BUNDLE_IDENTIFIER = TulsaTech.lolxdUITests;
				PRODUCT_NAME = "$(TARGET_NAME)";
				SWIFT_VERSION = 5.0;
				TARGETED_DEVICE_FAMILY = "1,2";
				TEST_TARGET_NAME = lolxd;
			};
			name = Debug;
		};
		AF6B10BD25B88C13003968F5 /* Release */ = {
			isa = XCBuildConfiguration;
			buildSettings = {
				ALWAYS_EMBED_SWIFT_STANDARD_LIBRARIES = YES;
				CODE_SIGN_STYLE = Automatic;
				DEVELOPMENT_TEAM = NDZBCBWQAP;
				INFOPLIST_FILE = lolxdUITests/Info.plist;
				LD_RUNPATH_SEARCH_PATHS = (
					"$(inherited)",
					"@executable_path/Frameworks",
					"@loader_path/Frameworks",
				);
				PRODUCT_BUNDLE_IDENTIFIER = TulsaTech.lolxdUITests;
				PRODUCT_NAME = "$(TARGET_NAME)";
				SWIFT_VERSION = 5.0;
				TARGETED_DEVICE_FAMILY = "1,2";
				TEST_TARGET_NAME = lolxd;
			};
			name = Release;
		};
/* End XCBuildConfiguration section */

/* Begin XCConfigurationList section */
		AF6B108B25B88C12003968F5 /* Build configuration list for PBXProject "lolxd" */ = {
			isa = XCConfigurationList;
			buildConfigurations = (
				AF6B10B325B88C13003968F5 /* Debug */,
				AF6B10B425B88C13003968F5 /* Release */,
			);
			defaultConfigurationIsVisible = 0;
			defaultConfigurationName = Release;
		};
		AF6B10B525B88C13003968F5 /* Build configuration list for PBXNativeTarget "lolxd" */ = {
			isa = XCConfigurationList;
			buildConfigurations = (
				AF6B10B625B88C13003968F5 /* Debug */,
				AF6B10B725B88C13003968F5 /* Release */,
			);
			defaultConfigurationIsVisible = 0;
			defaultConfigurationName = Release;
		};
		AF6B10B825B88C13003968F5 /* Build configuration list for PBXNativeTarget "lolxdTests" */ = {
			isa = XCConfigurationList;
			buildConfigurations = (
				AF6B10B925B88C13003968F5 /* Debug */,
				AF6B10BA25B88C13003968F5 /* Release */,
			);
			defaultConfigurationIsVisible = 0;
			defaultConfigurationName = Release;
		};
		AF6B10BB25B88C13003968F5 /* Build configuration list for PBXNativeTarget "lolxdUITests" */ = {
			isa = XCConfigurationList;
			buildConfigurations = (
				AF6B10BC25B88C13003968F5 /* Debug */,
				AF6B10BD25B88C13003968F5 /* Release */,
			);
			defaultConfigurationIsVisible = 0;
			defaultConfigurationName = Release;
		};
/* End XCConfigurationList section */
	};
	rootObject = AF6B108825B88C12003968F5 /* Project object */;
}
